
Microsoft Visual Studio Solution File, Format Version 12.00
# Visual Studio Version 17
VisualStudioVersion = 17.7.34003.232
MinimumVisualStudioVersion = 10.0.40219.1
Project("{FAE04EC0-301F-11D3-BF4B-00C04F79EFBC}") = "GarageApp", "GarageApp.csproj", "{6E6E67FB-704F-4EED-AF5E-69AAD04ACAFF}"
EndProject
Project("{FAE04EC0-301F-11D3-BF4B-00C04F79EFBC}") = "GarageAppUnitTests", "GarageAppUnitTests\GarageAppUnitTests.csproj", "{E7BBFFA4-C7E3-48B1-AA3E-D2FB80ACFDA7}"
EndProject
Global
	GlobalSection(SolutionConfigurationPlatforms) = preSolution
		Debug|Any CPU = Debug|Any CPU
		Release|Any CPU = Release|Any CPU
	EndGlobalSection
	GlobalSection(ProjectConfigurationPlatforms) = postSolution
		{6E6E67FB-704F-4EED-AF5E-69AAD04ACAFF}.Debug|Any CPU.ActiveCfg = Debug|Any CPU
		{6E6E67FB-704F-4EED-AF5E-69AAD04ACAFF}.Debug|Any CPU.Build.0 = Debug|Any CPU
		{6E6E67FB-704F-4EED-AF5E-69AAD04ACAFF}.Release|Any CPU.ActiveCfg = Release|Any CPU
		{6E6E67FB-704F-4EED-AF5E-69AAD04ACAFF}.Release|Any CPU.Build.0 = Release|Any CPU
		{E7BBFFA4-C7E3-48B1-AA3E-D2FB80ACFDA7}.Debug|Any CPU.ActiveCfg = Debug|Any CPU
		{E7BBFFA4-C7E3-48B1-AA3E-D2FB80ACFDA7}.Debug|Any CPU.Build.0 = Debug|Any CPU
		{E7BBFFA4-C7E3-48B1-AA3E-D2FB80ACFDA7}.Release|Any CPU.ActiveCfg = Release|Any CPU
		{E7BBFFA4-C7E3-48B1-AA3E-D2FB80ACFDA7}.Release|Any CPU.Build.0 = Release|Any CPU
	EndGlobalSection
	GlobalSection(SolutionProperties) = preSolution
		HideSolutionNode = FALSE
	EndGlobalSection
	GlobalSection(ExtensibilityGlobals) = postSolution
		SolutionGuid = {EBE473EC-C19E-4998-8B33-C818A0E12268}
	EndGlobalSection
EndGlobal
